
Microsoft Visual Studio Solution File, Format Version 12.00
# Visual Studio Version 17
VisualStudioVersion = 17.2.32630.192
MinimumVisualStudioVersion = 10.0.40219.1
Project("{9A19103F-16F7-4668-BE54-9A1E7A4F7556}") = "WindowWatcher", "src\WindowWatcher\WindowWatcher.csproj", "{0237FC40-2A9B-4C1D-ACEC-98CC06DF2C26}"
EndProject
Project("{FAE04EC0-301F-11D3-BF4B-00C04F79EFBC}") = "WindowWatcher.Console", "samples\WindowWatcher.Console\WindowWatcher.Console.csproj", "{35525948-C7DD-4C95-B38E-445B59AB007F}"
EndProject
Global
	GlobalSection(SolutionConfigurationPlatforms) = preSolution
		Debug|Any CPU = Debug|Any CPU
		Release|Any CPU = Release|Any CPU
	EndGlobalSection
	GlobalSection(ProjectConfigurationPlatforms) = postSolution
		{0237FC40-2A9B-4C1D-ACEC-98CC06DF2C26}.Debug|Any CPU.ActiveCfg = Debug|Any CPU
		{0237FC40-2A9B-4C1D-ACEC-98CC06DF2C26}.Debug|Any CPU.Build.0 = Debug|Any CPU
		{0237FC40-2A9B-4C1D-ACEC-98CC06DF2C26}.Release|Any CPU.ActiveCfg = Release|Any CPU
		{0237FC40-2A9B-4C1D-ACEC-98CC06DF2C26}.Release|Any CPU.Build.0 = Release|Any CPU
		{35525948-C7DD-4C95-B38E-445B59AB007F}.Debug|Any CPU.ActiveCfg = Debug|Any CPU
		{35525948-C7DD-4C95-B38E-445B59AB007F}.Debug|Any CPU.Build.0 = Debug|Any CPU
		{35525948-C7DD-4C95-B38E-445B59AB007F}.Release|Any CPU.ActiveCfg = Release|Any CPU
		{35525948-C7DD-4C95-B38E-445B59AB007F}.Release|Any CPU.Build.0 = Release|Any CPU
	EndGlobalSection
	GlobalSection(SolutionProperties) = preSolution
		HideSolutionNode = FALSE
	EndGlobalSection
	GlobalSection(ExtensibilityGlobals) = postSolution
		SolutionGuid = {8CA99022-F9DF-4EB0-84B7-3E459D31FC21}
	EndGlobalSection
EndGlobal
